{
  "originHash" : "1a9b20fceba06376190a62377f903cb25b8df86fa35835161a64578c20c149c3",
  "pins" : [
    {
      "identity" : "swift-syntax",
      "kind" : "remoteSourceControl",
      "location" : "https://github.com/swiftlang/swift-syntax.git",
      "state" : {
        "revision" : "4799286537280063c85a32f09884cfbca301b1a1",
        "version" : "602.0.0"
      }
    },
    {
      "identity" : "swiftllmtoolmacros",
      "kind" : "remoteSourceControl",
      "location" : "https://github.com/RichNasz/SwiftLLMToolMacros",
      "state" : {
        "branch" : "main",
        "revision" : "12a2623deb4a654ef0c5483daa5660e35407a1f4"
      }
    },
    {
      "identity" : "swiftopenresponsesdsl",
      "kind" : "remoteSourceControl",
      "location" : "https://github.com/RichNasz/SwiftOpenResponsesDSL",
      "state" : {
        "branch" : "main",
        "revision" : "11391d7249b0dd20558337c45a1b6c68d12bc241"
      }
    }
  ],
  "version" : 3
}
